
Microsoft Visual Studio Solution File, Format Version 12.00
# Visual Studio Version 17
VisualStudioVersion = 17.13.35828.75
MinimumVisualStudioVersion = 10.0.40219.1
Project("{FAE04EC0-301F-11D3-BF4B-00C04F79EFBC}") = "Case_SecilStore", "Case_SecilStore.csproj", "{F511470E-BE41-4712-994F-86C6C009451F}"
EndProject
Project("{FAE04EC0-301F-11D3-BF4B-00C04F79EFBC}") = "SecilStore_ConfigLibrary", "..\SecilStore_ConfigLibrary\SecilStore_ConfigLibrary.csproj", "{4198E324-2FB1-4F73-9927-57CA834122E2}"
EndProject
Project("{FAE04EC0-301F-11D3-BF4B-00C04F79EFBC}") = "SecilStore_ConfigLibrary.Tests", "..\SecilStore_ConfigLibrary.Tests\SecilStore_ConfigLibrary.Tests.csproj", "{97C5DBA3-55FE-4D10-94C0-00FF57415F9F}"
EndProject
Global
	GlobalSection(SolutionConfigurationPlatforms) = preSolution
		Debug|Any CPU = Debug|Any CPU
		Release|Any CPU = Release|Any CPU
	EndGlobalSection
	GlobalSection(ProjectConfigurationPlatforms) = postSolution
		{F511470E-BE41-4712-994F-86C6C009451F}.Debug|Any CPU.ActiveCfg = Debug|Any CPU
		{F511470E-BE41-4712-994F-86C6C009451F}.Debug|Any CPU.Build.0 = Debug|Any CPU
		{F511470E-BE41-4712-994F-86C6C009451F}.Release|Any CPU.ActiveCfg = Release|Any CPU
		{F511470E-BE41-4712-994F-86C6C009451F}.Release|Any CPU.Build.0 = Release|Any CPU
		{4198E324-2FB1-4F73-9927-57CA834122E2}.Debug|Any CPU.ActiveCfg = Debug|Any CPU
		{4198E324-2FB1-4F73-9927-57CA834122E2}.Debug|Any CPU.Build.0 = Debug|Any CPU
		{4198E324-2FB1-4F73-9927-57CA834122E2}.Release|Any CPU.ActiveCfg = Release|Any CPU
		{4198E324-2FB1-4F73-9927-57CA834122E2}.Release|Any CPU.Build.0 = Release|Any CPU
		{97C5DBA3-55FE-4D10-94C0-00FF57415F9F}.Debug|Any CPU.ActiveCfg = Debug|Any CPU
		{97C5DBA3-55FE-4D10-94C0-00FF57415F9F}.Debug|Any CPU.Build.0 = Debug|Any CPU
		{97C5DBA3-55FE-4D10-94C0-00FF57415F9F}.Release|Any CPU.ActiveCfg = Release|Any CPU
		{97C5DBA3-55FE-4D10-94C0-00FF57415F9F}.Release|Any CPU.Build.0 = Release|Any CPU
	EndGlobalSection
	GlobalSection(SolutionProperties) = preSolution
		HideSolutionNode = FALSE
	EndGlobalSection
	GlobalSection(ExtensibilityGlobals) = postSolution
		SolutionGuid = {6AF0F381-0FAA-410E-AC99-18B0DAF68961}
	EndGlobalSection
EndGlobal
